
Microsoft Visual Studio Solution File, Format Version 12.00
# Visual Studio Version 17
VisualStudioVersion = 17.10.35013.160
MinimumVisualStudioVersion = 10.0.40219.1
Project("{FAE04EC0-301F-11D3-BF4B-00C04F79EFBC}") = "device-dashboard", "device-dashboard\device-dashboard.csproj", "{257EF38E-DD67-480C-AE77-D00C3B4CFCA4}"
EndProject
Global
	GlobalSection(SolutionConfigurationPlatforms) = preSolution
		Debug|Any CPU = Debug|Any CPU
		Release|Any CPU = Release|Any CPU
	EndGlobalSection
	GlobalSection(ProjectConfigurationPlatforms) = postSolution
		{257EF38E-DD67-480C-AE77-D00C3B4CFCA4}.Debug|Any CPU.ActiveCfg = Debug|Any CPU
		{257EF38E-DD67-480C-AE77-D00C3B4CFCA4}.Debug|Any CPU.Build.0 = Debug|Any CPU
		{257EF38E-DD67-480C-AE77-D00C3B4CFCA4}.Release|Any CPU.ActiveCfg = Release|Any CPU
		{257EF38E-DD67-480C-AE77-D00C3B4CFCA4}.Release|Any CPU.Build.0 = Release|Any CPU
	EndGlobalSection
	GlobalSection(SolutionProperties) = preSolution
		HideSolutionNode = FALSE
	EndGlobalSection
	GlobalSection(ExtensibilityGlobals) = postSolution
		SolutionGuid = {EC86630A-A97A-42E1-A74F-C5B5A184820B}
	EndGlobalSection
EndGlobal
